// !$*UTF8*$!
{
	archiveVersion = 1;
	classes = {
	};
	objectVersion = 50;
	objects = {

/* Begin PBXBuildFile section */
		6504304D243CFF3500F1A904 /* AppDelegate.swift in Sources */ = {isa = PBXBuildFile; fileRef = 6504304C243CFF3500F1A904 /* AppDelegate.swift */; };
		6504304F243CFF3500F1A904 /* SceneDelegate.swift in Sources */ = {isa = PBXBuildFile; fileRef = 6504304E243CFF3500F1A904 /* SceneDelegate.swift */; };
		65043051243CFF3500F1A904 /* ViewController.swift in Sources */ = {isa = PBXBuildFile; fileRef = 65043050243CFF3500F1A904 /* ViewController.swift */; };
		65043054243CFF3500F1A904 /* Main.storyboard in Resources */ = {isa = PBXBuildFile; fileRef = 65043052243CFF3500F1A904 /* Main.storyboard */; };
		65043056243CFF3700F1A904 /* Assets.xcassets in Resources */ = {isa = PBXBuildFile; fileRef = 65043055243CFF3700F1A904 /* Assets.xcassets */; };
		65043059243CFF3700F1A904 /* LaunchScreen.storyboard in Resources */ = {isa = PBXBuildFile; fileRef = 65043057243CFF3700F1A904 /* LaunchScreen.storyboard */; };
/* End PBXBuildFile section */

/* Begin PBXFileReference section */
		65043049243CFF3500F1A904 /* BAGDE_INXCODE.app */ = {isa = PBXFileReference; explicitFileType = wrapper.application; includeInIndex = 0; path = BAGDE_INXCODE.app; sourceTree = BUILT_PRODUCTS_DIR; };
		6504304C243CFF3500F1A904 /* AppDelegate.swift */ = {isa = PBXFileReference; lastKnownFileType = sourcecode.swift; path = AppDelegate.swift; sourceTree = "<group>"; };
		6504304E243CFF3500F1A904 /* SceneDelegate.swift */ = {isa = PBXFileReference; lastKnownFileType = sourcecode.swift; path = SceneDelegate.swift; sourceTree = "<group>"; };
		65043050243CFF3500F1A904 /* ViewController.swift */ = {isa = PBXFileReference; lastKnownFileType = sourcecode.swift; path = ViewController.swift; sourceTree = "<group>"; };
		65043053243CFF3500F1A904 /* Base */ = {isa = PBXFileReference; lastKnownFileType = file.storyboard; name = Base; path = Base.lproj/Main.storyboard; sourceTree = "<group>"; };
		65043055243CFF3700F1A904 /* Assets.xcassets */ = {isa = PBXFileReference; lastKnownFileType = folder.assetcatalog; path = Assets.xcassets; sourceTree = "<group>"; };
		65043058243CFF3700F1A904 /* Base */ = {isa = PBXFileReference; lastKnownFileType = file.storyboard; name = Base; path = Base.lproj/LaunchScreen.storyboard; sourceTree = "<group>"; };
		6504305A243CFF3700F1A904 /* Info.plist */ = {isa = PBXFileReference; lastKnownFileType = text.plist.xml; path = Info.plist; sourceTree = "<group>"; };
/* End PBXFileReference section */

/* Begin PBXFrameworksBuildPhase section */
		65043046243CFF3500F1A904 /* Frameworks */ = {
			isa = PBXFrameworksBuildPhase;
			buildActionMask = 2147483647;
			files = (
			);
			runOnlyForDeploymentPostprocessing = 0;
		};
/* End PBXFrameworksBuildPhase section */

/* Begin PBXGroup section */
		65043040243CFF3500F1A904 = {
			isa = PBXGroup;
			children = (
				6504304B243CFF3500F1A904 /* BAGDE_INXCODE */,
				6504304A243CFF3500F1A904 /* Products */,
			);
			sourceTree = "<group>";
		};
		6504304A243CFF3500F1A904 /* Products */ = {
			isa = PBXGroup;
			children = (
				65043049243CFF3500F1A904 /* BAGDE_INXCODE.app */,
			);
			name = Products;
			sourceTree = "<group>";
		};
		6504304B243CFF3500F1A904 /* BAGDE_INXCODE */ = {
			isa = PBXGroup;
			children = (
				6504304C243CFF3500F1A904 /* AppDelegate.swift */,
				6504304E243CFF3500F1A904 /* SceneDelegate.swift */,
				65043050243CFF3500F1A904 /* ViewController.swift */,
				65043052243CFF3500F1A904 /* Main.storyboard */,
				65043055243CFF3700F1A904 /* Assets.xcassets */,
				65043057243CFF3700F1A904 /* LaunchScreen.storyboard */,
				6504305A243CFF3700F1A904 /* Info.plist */,
			);
			path = BAGDE_INXCODE;
			sourceTree = "<group>";
		};
/* End PBXGroup section */

/* Begin PBXNativeTarget section */
		65043048243CFF3500F1A904 /* BAGDE_INXCODE */ = {
			isa = PBXNativeTarget;
			buildConfigurationList = 6504305D243CFF3700F1A904 /* Build configuration list for PBXNativeTarget "BAGDE_INXCODE" */;
			buildPhases = (
				65043045243CFF3500F1A904 /* Sources */,
				65043046243CFF3500F1A904 /* Frameworks */,
				65043047243CFF3500F1A904 /* Resources */,
			);
			buildRules = (
			);
			dependencies = (
			);
			name = BAGDE_INXCODE;
			productName = BAGDE_INXCODE;
			productReference = 65043049243CFF3500F1A904 /* BAGDE_INXCODE.app */;
			productType = "com.apple.product-type.application";
		};
/* End PBXNativeTarget section */

/* Begin PBXProject section */
		65043041243CFF3500F1A904 /* Project object */ = {
			isa = PBXProject;
			attributes = {
				LastSwiftUpdateCheck = 1120;
				LastUpgradeCheck = 1120;
				ORGANIZATIONNAME = "Mayurii Gajbhiye";
				TargetAttributes = {
					65043048243CFF3500F1A904 = {
						CreatedOnToolsVersion = 11.2.1;
					};
				};
			};
			buildConfigurationList = 65043044243CFF3500F1A904 /* Build configuration list for PBXProject "BAGDE_INXCODE" */;
			compatibilityVersion = "Xcode 9.3";
			developmentRegion = en;
			hasScannedForEncodings = 0;
			knownRegions = (
				en,
				Base,
			);
			mainGroup = 65043040243CFF3500F1A904;
			productRefGroup = 6504304A243CFF3500F1A904 /* Products */;
			projectDirPath = "";
			projectRoot = "";
			targets = (
				65043048243CFF3500F1A904 /* BAGDE_INXCODE */,
			);
		};
/* End PBXProject section */

/* Begin PBXResourcesBuildPhase section */
		65043047243CFF3500F1A904 /* Resources */ = {
			isa = PBXResourcesBuildPhase;
			buildActionMask = 2147483647;
			files = (
				65043059243CFF3700F1A904 /* LaunchScreen.storyboard in Resources */,
				65043056243CFF3700F1A904 /* Assets.xcassets in Resources */,
				65043054243CFF3500F1A904 /* Main.storyboard in Resources */,
			);
			runOnlyForDeploymentPostprocessing = 0;
		};
/* End PBXResourcesBuildPhase section */

/* Begin PBXSourcesBuildPhase section */
		65043045243CFF3500F1A904 /* Sources */ = {
			isa = PBXSourcesBuildPhase;
			buildActionMask = 2147483647;
			files = (
				65043051243CFF3500F1A904 /* ViewController.swift in Sources */,
				6504304D243CFF3500F1A904 /* AppDelegate.swift in Sources */,
				6504304F243CFF3500F1A904 /* SceneDelegate.swift in Sources */,
			);
			runOnlyForDeploymentPostprocessing = 0;
		};
/* End PBXSourcesBuildPhase section */

/* Begin PBXVariantGroup section */
		65043052243CFF3500F1A904 /* Main.storyboard */ = {
			isa = PBXVariantGroup;
			children = (
				65043053243CFF3500F1A904 /* Base */,
			);
			name = Main.storyboard;
			sourceTree = "<group>";
		};
		65043057243CFF3700F1A904 /* LaunchScreen.storyboard */ = {
			isa = PBXVariantGroup;
			children = (
				65043058243CFF3700F1A904 /* Base */,
			);
			name = LaunchScreen.storyboard;
			sourceTree = "<group>";
		};
/* End PBXVariantGroup section */

/* Begin XCBuildConfiguration section */
		6504305B243CFF3700F1A904 /* Debug */ = {
			isa = XCBuildConfiguration;
			buildSettings = {
				ALWAYS_SEARCH_USER_PATHS = NO;
				CLANG_ANALYZER_NONNULL = YES;
				CLANG_ANALYZER_NUMBER_OBJECT_CONVERSION = YES_AGGRESSIVE;
				CLANG_CXX_LANGUAGE_STANDARD = "gnu++14";
				CLANG_CXX_LIBRARY = "libc++";
				CLANG_ENABLE_MODULES = YES;
				CLANG_ENABLE_OBJC_ARC = YES;
				CLANG_ENABLE_OBJC_WEAK = YES;
				CLANG_WARN_BLOCK_CAPTURE_AUTORELEASING = YES;
				CLANG_WARN_BOOL_CONVERSION = YES;
				CLANG_WARN_COMMA = YES;
				CLANG_WARN_CONSTANT_CONVERSION = YES;
				CLANG_WARN_DEPRECATED_OBJC_IMPLEMENTATIONS = YES;
				CLANG_WARN_DIRECT_OBJC_ISA_USAGE = YES_ERROR;
				CLANG_WARN_DOCUMENTATION_COMMENTS = YES;
				CLANG_WARN_EMPTY_BODY = YES;
				CLANG_WARN_ENUM_CONVERSION = YES;
				CLANG_WARN_INFINITE_RECURSION = YES;
				CLANG_WARN_INT_CONVERSION = YES;
				CLANG_WARN_NON_LITERAL_NULL_CONVERSION = YES;
				CLANG_WARN_OBJC_IMPLICIT_RETAIN_SELF = YES;
				CLANG_WARN_OBJC_LITERAL_CONVERSION = YES;
				CLANG_WARN_OBJC_ROOT_CLASS = YES_ERROR;
				CLANG_WARN_RANGE_LOOP_ANALYSIS = YES;
				CLANG_WARN_STRICT_PROTOTYPES = YES;
				CLANG_WARN_SUSPICIOUS_MOVE = YES;
				CLANG_WARN_UNGUARDED_AVAILABILITY = YES_AGGRESSIVE;
				CLANG_WARN_UNREACHABLE_CODE = YES;
				CLANG_WARN__DUPLICATE_METHOD_MATCH = YES;
				COPY_PHASE_STRIP = NO;
				DEBUG_INFORMATION_FORMAT = dwarf;
				ENABLE_STRICT_OBJC_MSGSEND = YES;
				ENABLE_TESTABILITY = YES;
				GCC_C_LANGUAGE_STANDARD = gnu11;
				GCC_DYNAMIC_NO_PIC = NO;
				GCC_NO_COMMON_BLOCKS = YES;
				GCC_OPTIMIZATION_LEVEL = 0;
				GCC_PREPROCESSOR_DEFINITIONS = (
					"DEBUG=1",
					"$(inherited)",
				);
				GCC_WARN_64_TO_32_BIT_CONVERSION = YES;
				GCC_WARN_ABOUT_RETURN_TYPE = YES_ERROR;
				GCC_WARN_UNDECLARED_SELECTOR = YES;
				GCC_WARN_UNINITIALIZED_AUTOS = YES_AGGRESSIVE;
				GCC_WARN_UNUSED_FUNCTION = YES;
				GCC_WARN_UNUSED_VARIABLE = YES;
				IPHONEOS_DEPLOYMENT_TARGET = 13.2;
				MTL_ENABLE_DEBUG_INFO = INCLUDE_SOURCE;
				MTL_FAST_MATH = YES;
				ONLY_ACTIVE_ARCH = YES;
				SDKROOT = iphoneos;
				SWIFT_ACTIVE_COMPILATION_CONDITIONS = DEBUG;
				SWIFT_OPTIMIZATION_LEVEL = "-Onone";
			};
			name = Debug;
		};
		6504305C243CFF3700F1A904 /* Release */ = {
			isa = XCBuildConfiguration;
			buildSettings = {
				ALWAYS_SEARCH_USER_PATHS = NO;
				CLANG_ANALYZER_NONNULL = YES;
				CLANG_ANALYZER_NUMBER_OBJECT_CONVERSION = YES_AGGRESSIVE;
				CLANG_CXX_LANGUAGE_STANDARD = "gnu++14";
				CLANG_CXX_LIBRARY = "libc++";
				CLANG_ENABLE_MODULES = YES;
				CLANG_ENABLE_OBJC_ARC = YES;
				CLANG_ENABLE_OBJC_WEAK = YES;
				CLANG_WARN_BLOCK_CAPTURE_AUTORELEASING = YES;
				CLANG_WARN_BOOL_CONVERSION = YES;
				CLANG_WARN_COMMA = YES;
				CLANG_WARN_CONSTANT_CONVERSION = YES;
				CLANG_WARN_DEPRECATED_OBJC_IMPLEMENTATIONS = YES;
				CLANG_WARN_DIRECT_OBJC_ISA_USAGE = YES_ERROR;
				CLANG_WARN_DOCUMENTATION_COMMENTS = YES;
				CLANG_WARN_EMPTY_BODY = YES;
				CLANG_WARN_ENUM_CONVERSION = YES;
				CLANG_WARN_INFINITE_RECURSION = YES;
				CLANG_WARN_INT_CONVERSION = YES;
				CLANG_WARN_NON_LITERAL_NULL_CONVERSION = YES;
				CLANG_WARN_OBJC_IMPLICIT_RETAIN_SELF = YES;
				CLANG_WARN_OBJC_LITERAL_CONVERSION = YES;
				CLANG_WARN_OBJC_ROOT_CLASS = YES_ERROR;
				CLANG_WARN_RANGE_LOOP_ANALYSIS = YES;
				CLANG_WARN_STRICT_PROTOTYPES = YES;
				CLANG_WARN_SUSPICIOUS_MOVE = YES;
				CLANG_WARN_UNGUARDED_AVAILABILITY = YES_AGGRESSIVE;
				CLANG_WARN_UNREACHABLE_CODE = YES;
				CLANG_WARN__DUPLICATE_METHOD_MATCH = YES;
				COPY_PHASE_STRIP = NO;
				DEBUG_INFORMATION_FORMAT = "dwarf-with-dsym";
				ENABLE_NS_ASSERTIONS = NO;
				ENABLE_STRICT_OBJC_MSGSEND = YES;
				GCC_C_LANGUAGE_STANDARD = gnu11;
				GCC_NO_COMMON_BLOCKS = YES;
				GCC_WARN_64_TO_32_BIT_CONVERSION = YES;
				GCC_WARN_ABOUT_RETURN_TYPE = YES_ERROR;
				GCC_WARN_UNDECLARED_SELECTOR = YES;
				GCC_WARN_UNINITIALIZED_AUTOS = YES_AGGRESSIVE;
				GCC_WARN_UNUSED_FUNCTION = YES;
				GCC_WARN_UNUSED_VARIABLE = YES;
				IPHONEOS_DEPLOYMENT_TARGET = 13.2;
				MTL_ENABLE_DEBUG_INFO = NO;
				MTL_FAST_MATH = YES;
				SDKROOT = iphoneos;
				SWIFT_COMPILATION_MODE = wholemodule;
				SWIFT_OPTIMIZATION_LEVEL = "-O";
				VALIDATE_PRODUCT = YES;
			};
			name = Release;
		};
		6504305E243CFF3700F1A904 /* Debug */ = {
			isa = XCBuildConfiguration;
			buildSettings = {
				ASSETCATALOG_COMPILER_APPICON_NAME = AppIcon;
				CODE_SIGN_STYLE = Automatic;
				INFOPLIST_FILE = BAGDE_INXCODE/Info.plist;
				LD_RUNPATH_SEARCH_PATHS = (
					"$(inherited)",
					"@executable_path/Frameworks",
				);
				PRODUCT_BUNDLE_IDENTIFIER = "in.mac.BAGDE-INXCODE";
				PRODUCT_NAME = "$(TARGET_NAME)";
				SWIFT_VERSION = 5.0;
				TARGETED_DEVICE_FAMILY = "1,2";
			};
			name = Debug;
		};
		6504305F243CFF3700F1A904 /* Release */ = {
			isa = XCBuildConfiguration;
			buildSettings = {
				ASSETCATALOG_COMPILER_APPICON_NAME = AppIcon;
				CODE_SIGN_STYLE = Automatic;
				INFOPLIST_FILE = BAGDE_INXCODE/Info.plist;
				LD_RUNPATH_SEARCH_PATHS = (
					"$(inherited)",
					"@executable_path/Frameworks",
				);
				PRODUCT_BUNDLE_IDENTIFIER = "in.mac.BAGDE-INXCODE";
				PRODUCT_NAME = "$(TARGET_NAME)";
				SWIFT_VERSION = 5.0;
				TARGETED_DEVICE_FAMILY = "1,2";
			};
			name = Release;
		};
/* End XCBuildConfiguration section */

/* Begin XCConfigurationList section */
		65043044243CFF3500F1A904 /* Build configuration list for PBXProject "BAGDE_INXCODE" */ = {
			isa = XCConfigurationList;
			buildConfigurations = (
				6504305B243CFF3700F1A904 /* Debug */,
				6504305C243CFF3700F1A904 /* Release */,
			);
			defaultConfigurationIsVisible = 0;
			defaultConfigurationName = Release;
		};
		6504305D243CFF3700F1A904 /* Build configuration list for PBXNativeTarget "BAGDE_INXCODE" */ = {
			isa = XCConfigurationList;
			buildConfigurations = (
				6504305E243CFF3700F1A904 /* Debug */,
				6504305F243CFF3700F1A904 /* Release */,
			);
			defaultConfigurationIsVisible = 0;
			defaultConfigurationName = Release;
		};
/* End XCConfigurationList section */
	};
	rootObject = 65043041243CFF3500F1A904 /* Project object */;
}
